
Microsoft Visual Studio Solution File, Format Version 12.00
# Visual Studio Version 16
VisualStudioVersion = 16.0.31624.102
MinimumVisualStudioVersion = 10.0.40219.1
Project("{FAE04EC0-301F-11D3-BF4B-00C04F79EFBC}") = "220525_DijkstraAlgoritm", "220525_DijkstraAlgoritm.csproj", "{012C0080-1C18-4809-AF10-8E38F8DD1504}"
EndProject
Global
	GlobalSection(SolutionConfigurationPlatforms) = preSolution
		Debug|Any CPU = Debug|Any CPU
		Release|Any CPU = Release|Any CPU
	EndGlobalSection
	GlobalSection(ProjectConfigurationPlatforms) = postSolution
		{012C0080-1C18-4809-AF10-8E38F8DD1504}.Debug|Any CPU.ActiveCfg = Debug|Any CPU
		{012C0080-1C18-4809-AF10-8E38F8DD1504}.Debug|Any CPU.Build.0 = Debug|Any CPU
		{012C0080-1C18-4809-AF10-8E38F8DD1504}.Release|Any CPU.ActiveCfg = Release|Any CPU
		{012C0080-1C18-4809-AF10-8E38F8DD1504}.Release|Any CPU.Build.0 = Release|Any CPU
	EndGlobalSection
	GlobalSection(SolutionProperties) = preSolution
		HideSolutionNode = FALSE
	EndGlobalSection
	GlobalSection(ExtensibilityGlobals) = postSolution
		SolutionGuid = {9B27487B-BE46-4C40-A661-9B8F1F17048D}
	EndGlobalSection
EndGlobal
